
Microsoft Visual Studio Solution File, Format Version 11.00
# Visual Studio 2010
Project("{FAE04EC0-301F-11D3-BF4B-00C04F79EFBC}") = "Assembly-CSharp", "Assembly-CSharp.csproj", "{8720033D-E498-07C4-97CC-D2F0B161384E}"
EndProject
Project("{FAE04EC0-301F-11D3-BF4B-00C04F79EFBC}") = "Assembly-CSharp-Editor", "Assembly-CSharp-Editor.csproj", "{A77E0708-7117-05D6-9592-49B5BCCD984D}"
EndProject
Global
	GlobalSection(SolutionConfigurationPlatforms) = preSolution
		Debug|Any CPU = Debug|Any CPU
		Release|Any CPU = Release|Any CPU
	EndGlobalSection
	GlobalSection(ProjectConfigurationPlatforms) = postSolution
		{8720033D-E498-07C4-97CC-D2F0B161384E}.Debug|Any CPU.ActiveCfg = Debug|Any CPU
		{8720033D-E498-07C4-97CC-D2F0B161384E}.Debug|Any CPU.Build.0 = Debug|Any CPU
		{8720033D-E498-07C4-97CC-D2F0B161384E}.Release|Any CPU.ActiveCfg = Release|Any CPU
		{8720033D-E498-07C4-97CC-D2F0B161384E}.Release|Any CPU.Build.0 = Release|Any CPU
		{A77E0708-7117-05D6-9592-49B5BCCD984D}.Debug|Any CPU.ActiveCfg = Debug|Any CPU
		{A77E0708-7117-05D6-9592-49B5BCCD984D}.Debug|Any CPU.Build.0 = Debug|Any CPU
		{A77E0708-7117-05D6-9592-49B5BCCD984D}.Release|Any CPU.ActiveCfg = Release|Any CPU
		{A77E0708-7117-05D6-9592-49B5BCCD984D}.Release|Any CPU.Build.0 = Release|Any CPU
	EndGlobalSection
	GlobalSection(SolutionProperties) = preSolution
		HideSolutionNode = FALSE
	EndGlobalSection
	GlobalSection(MonoDevelopProperties) = preSolution
		StartupItem = Assembly-CSharp.csproj
	EndGlobalSection
EndGlobal
